// !$*UTF8*$!
{
	archiveVersion = 1;
	classes = {
	};
	objectVersion = 54;
	objects = {

/* Begin PBXBuildFile section */
		0058F95575C770724F50D3FD /* PrivacyInfo.xcprivacy in Resources */ = {isa = PBXBuildFile; fileRef = A47C22CAADB98C128ECC2A1E /* PrivacyInfo.xcprivacy */; };
		13B07FBF1A68108700A75B9A /* Images.xcassets in Resources */ = {isa = PBXBuildFile; fileRef = 13B07FB51A68108700A75B9A /* Images.xcassets */; };
		3E461D99554A48A4959DE609 /* SplashScreen.storyboard in Resources */ = {isa = PBXBuildFile; fileRef = AA286B85B6C04FC6940260E9 /* SplashScreen.storyboard */; };
		6362D9466D98047603178275 /* ExpoModulesProvider.swift in Sources */ = {isa = PBXBuildFile; fileRef = 4E576252BF7B0A858B6B6014 /* ExpoModulesProvider.swift */; };
		672B333EAC6FAD695949E96A /* libPods-MonGARS.a in Frameworks */ = {isa = PBXBuildFile; fileRef = 5134247515B39804B8F90E58 /* libPods-MonGARS.a */; };
		1F3A00236990472BBEEC30C7 /* Contacts.framework in Frameworks */ = {isa = PBXBuildFile; fileRef = 1D2D707287664F09B772946A /* Contacts.framework */; };
		1930DC8ACD6C4E1BB08EBE1F /* LocalAuthentication.framework in Frameworks */ = {isa = PBXBuildFile; fileRef = 89F5DBB3401A4F23A270D9FA /* LocalAuthentication.framework */; };
		E36D06B293964B219DAA1BCA /* CoreLocation.framework in Frameworks */ = {isa = PBXBuildFile; fileRef = 21F5343944CC4E48A61E926B /* CoreLocation.framework */; };
		881098FB16324A20919BC8EC /* MessageUI.framework in Frameworks */ = {isa = PBXBuildFile; fileRef = F1679D684E84496BB26916D2 /* MessageUI.framework */; };
		359FDF2F1212407BB134DA3B /* Vision.framework in Frameworks */ = {isa = PBXBuildFile; fileRef = EEC9EE8CAC3E48329A84A1BA /* Vision.framework */; };
		6784F0995C9C47D7B36E49FA /* Photos.framework in Frameworks */ = {isa = PBXBuildFile; fileRef = 51A32BD5BB854BD8ACD9FA19 /* Photos.framework */; };
		082C184068EB4ED497D78732 /* Speech.framework in Frameworks */ = {isa = PBXBuildFile; fileRef = A5E06E585EBD49078CF40E9A /* Speech.framework */; };
		E207A3EA881C451F83692F68 /* WebKit.framework in Frameworks */ = {isa = PBXBuildFile; fileRef = 0DA78EFADC584A5687411CAA /* WebKit.framework */; };
		B3A58305AB2540A9BB3D1982 /* AVFoundation.framework in Frameworks */ = {isa = PBXBuildFile; fileRef = 7F1F98ACB7954D188595364C /* AVFoundation.framework */; };
		FA4D31D018034665ABE5571F /* EventKit.framework in Frameworks */ = {isa = PBXBuildFile; fileRef = 298225487FE4425BBAA9F112 /* EventKit.framework */; };
		F097DC587A5444D9815FAA32 /* CoreMotion.framework in Frameworks */ = {isa = PBXBuildFile; fileRef = 8600BA94F097402E8ACE1F17 /* CoreMotion.framework */; };
		0F0100000000000000000001 /* BatteryTurboModule.mm in Sources */ = {isa = PBXBuildFile; fileRef = 0F0100000000000000000000 /* BatteryTurboModule.mm */; };
		0F0200000000000000000001 /* BiometricsTurboModule.mm in Sources */ = {isa = PBXBuildFile; fileRef = 0F0200000000000000000000 /* BiometricsTurboModule.mm */; };
		0F0300000000000000000001 /* BrightnessTurboModule.mm in Sources */ = {isa = PBXBuildFile; fileRef = 0F0300000000000000000000 /* BrightnessTurboModule.mm */; };
		0F0400000000000000000001 /* CalendarTurboModule.mm in Sources */ = {isa = PBXBuildFile; fileRef = 0F0400000000000000000000 /* CalendarTurboModule.mm */; };
		0F0500000000000000000001 /* CallTurboModule.mm in Sources */ = {isa = PBXBuildFile; fileRef = 0F0500000000000000000000 /* CallTurboModule.mm */; };
		0F0600000000000000000001 /* CameraTurboModule.mm in Sources */ = {isa = PBXBuildFile; fileRef = 0F0600000000000000000000 /* CameraTurboModule.mm */; };
		0F0700000000000000000001 /* ClipboardTurboModule.mm in Sources */ = {isa = PBXBuildFile; fileRef = 0F0700000000000000000000 /* ClipboardTurboModule.mm */; };
		0F0800000000000000000001 /* ContactsTurboModule.mm in Sources */ = {isa = PBXBuildFile; fileRef = 0F0800000000000000000000 /* ContactsTurboModule.mm */; };
		0F0900000000000000000001 /* DeviceInfoTurboModule.mm in Sources */ = {isa = PBXBuildFile; fileRef = 0F0900000000000000000000 /* DeviceInfoTurboModule.mm */; };
		0F0A00000000000000000001 /* FlashlightTurboModule.mm in Sources */ = {isa = PBXBuildFile; fileRef = 0F0A00000000000000000000 /* FlashlightTurboModule.mm */; };
		0F0B00000000000000000001 /* HapticsTurboModule.mm in Sources */ = {isa = PBXBuildFile; fileRef = 0F0B00000000000000000000 /* HapticsTurboModule.mm */; };
		0F0C00000000000000000001 /* LocationTurboModule.mm in Sources */ = {isa = PBXBuildFile; fileRef = 0F0C00000000000000000000 /* LocationTurboModule.mm */; };
		0F0D00000000000000000001 /* MailComposerTurboModule.mm in Sources */ = {isa = PBXBuildFile; fileRef = 0F0D00000000000000000000 /* MailComposerTurboModule.mm */; };
		0F0E00000000000000000001 /* MessagesTurboModule.mm in Sources */ = {isa = PBXBuildFile; fileRef = 0F0E00000000000000000000 /* MessagesTurboModule.mm */; };
            0F0F00000000000000000001 /* MLXTurboModule.mm in Sources */ = {isa = PBXBuildFile; fileRef = 0F0F00000000000000000000 /* MLXTurboModule.mm */; };
            0F0F00000000000000000011 /* MLXBridge.swift in Sources */ = {isa = PBXBuildFile; fileRef = 0F0F00000000000000000010 /* MLXBridge.swift */; };
		0F1000000000000000000001 /* OCRTurboModule.mm in Sources */ = {isa = PBXBuildFile; fileRef = 0F1000000000000000000000 /* OCRTurboModule.mm */; };
		0F1100000000000000000001 /* PhotosTurboModule.mm in Sources */ = {isa = PBXBuildFile; fileRef = 0F1100000000000000000000 /* PhotosTurboModule.mm */; };
		0F1200000000000000000001 /* SensorsTurboModule.mm in Sources */ = {isa = PBXBuildFile; fileRef = 0F1200000000000000000000 /* SensorsTurboModule.mm */; };
		0F1300000000000000000001 /* SpeechRecognitionTurboModule.mm in Sources */ = {isa = PBXBuildFile; fileRef = 0F1300000000000000000000 /* SpeechRecognitionTurboModule.mm */; };
		0F1400000000000000000001 /* SpeechTurboModule.mm in Sources */ = {isa = PBXBuildFile; fileRef = 0F1400000000000000000000 /* SpeechTurboModule.mm */; };
		0F1500000000000000000001 /* WebTurboModule.mm in Sources */ = {isa = PBXBuildFile; fileRef = 0F1500000000000000000000 /* WebTurboModule.mm */; };
		BB2F792D24A3F905000567C9 /* Expo.plist in Resources */ = {isa = PBXBuildFile; fileRef = BB2F792C24A3F905000567C9 /* Expo.plist */; };
		F11748422D0307B40044C1D9 /* AppDelegate.swift in Sources */ = {isa = PBXBuildFile; fileRef = F11748412D0307B40044C1D9 /* AppDelegate.swift */; };
/* End PBXBuildFile section */

/* Begin PBXFileReference section */
		13B07F961A680F5B00A75B9A /* MonGARS.app */ = {isa = PBXFileReference; explicitFileType = wrapper.application; includeInIndex = 0; path = MonGARS.app; sourceTree = BUILT_PRODUCTS_DIR; };
		13B07FB51A68108700A75B9A /* Images.xcassets */ = {isa = PBXFileReference; lastKnownFileType = folder.assetcatalog; name = Images.xcassets; path = MonGARS/Images.xcassets; sourceTree = "<group>"; };
		13B07FB61A68108700A75B9A /* Info.plist */ = {isa = PBXFileReference; fileEncoding = 4; lastKnownFileType = text.plist.xml; name = Info.plist; path = MonGARS/Info.plist; sourceTree = "<group>"; };
		4510606E239E7360F40D3A03 /* Pods-MonGARS.debug.xcconfig */ = {isa = PBXFileReference; includeInIndex = 1; lastKnownFileType = text.xcconfig; name = "Pods-MonGARS.debug.xcconfig"; path = "Target Support Files/Pods-MonGARS/Pods-MonGARS.debug.xcconfig"; sourceTree = "<group>"; };
		4E576252BF7B0A858B6B6014 /* ExpoModulesProvider.swift */ = {isa = PBXFileReference; includeInIndex = 1; lastKnownFileType = sourcecode.swift; name = ExpoModulesProvider.swift; path = "Pods/Target Support Files/Pods-MonGARS/ExpoModulesProvider.swift"; sourceTree = "<group>"; };
		5134247515B39804B8F90E58 /* libPods-MonGARS.a */ = {isa = PBXFileReference; explicitFileType = archive.ar; includeInIndex = 0; path = "libPods-MonGARS.a"; sourceTree = BUILT_PRODUCTS_DIR; };
		0F0100000000000000000000 /* BatteryTurboModule.mm */ = {isa = PBXFileReference; fileEncoding = 4; lastKnownFileType = sourcecode.cpp.objcpp; name = BatteryTurboModule.mm; path = MonGARS/NativeModules/BatteryTurboModule.mm; sourceTree = "<group>"; };
		0F0200000000000000000000 /* BiometricsTurboModule.mm */ = {isa = PBXFileReference; fileEncoding = 4; lastKnownFileType = sourcecode.cpp.objcpp; name = BiometricsTurboModule.mm; path = MonGARS/NativeModules/BiometricsTurboModule.mm; sourceTree = "<group>"; };
		0F0300000000000000000000 /* BrightnessTurboModule.mm */ = {isa = PBXFileReference; fileEncoding = 4; lastKnownFileType = sourcecode.cpp.objcpp; name = BrightnessTurboModule.mm; path = MonGARS/NativeModules/BrightnessTurboModule.mm; sourceTree = "<group>"; };
		0F0400000000000000000000 /* CalendarTurboModule.mm */ = {isa = PBXFileReference; fileEncoding = 4; lastKnownFileType = sourcecode.cpp.objcpp; name = CalendarTurboModule.mm; path = MonGARS/NativeModules/CalendarTurboModule.mm; sourceTree = "<group>"; };
		0F0500000000000000000000 /* CallTurboModule.mm */ = {isa = PBXFileReference; fileEncoding = 4; lastKnownFileType = sourcecode.cpp.objcpp; name = CallTurboModule.mm; path = MonGARS/NativeModules/CallTurboModule.mm; sourceTree = "<group>"; };
		0F0600000000000000000000 /* CameraTurboModule.mm */ = {isa = PBXFileReference; fileEncoding = 4; lastKnownFileType = sourcecode.cpp.objcpp; name = CameraTurboModule.mm; path = MonGARS/NativeModules/CameraTurboModule.mm; sourceTree = "<group>"; };
		0F0700000000000000000000 /* ClipboardTurboModule.mm */ = {isa = PBXFileReference; fileEncoding = 4; lastKnownFileType = sourcecode.cpp.objcpp; name = ClipboardTurboModule.mm; path = MonGARS/NativeModules/ClipboardTurboModule.mm; sourceTree = "<group>"; };
		0F0800000000000000000000 /* ContactsTurboModule.mm */ = {isa = PBXFileReference; fileEncoding = 4; lastKnownFileType = sourcecode.cpp.objcpp; name = ContactsTurboModule.mm; path = MonGARS/NativeModules/ContactsTurboModule.mm; sourceTree = "<group>"; };
		0F0900000000000000000000 /* DeviceInfoTurboModule.mm */ = {isa = PBXFileReference; fileEncoding = 4; lastKnownFileType = sourcecode.cpp.objcpp; name = DeviceInfoTurboModule.mm; path = MonGARS/NativeModules/DeviceInfoTurboModule.mm; sourceTree = "<group>"; };
		0F0A00000000000000000000 /* FlashlightTurboModule.mm */ = {isa = PBXFileReference; fileEncoding = 4; lastKnownFileType = sourcecode.cpp.objcpp; name = FlashlightTurboModule.mm; path = MonGARS/NativeModules/FlashlightTurboModule.mm; sourceTree = "<group>"; };
		0F0B00000000000000000000 /* HapticsTurboModule.mm */ = {isa = PBXFileReference; fileEncoding = 4; lastKnownFileType = sourcecode.cpp.objcpp; name = HapticsTurboModule.mm; path = MonGARS/NativeModules/HapticsTurboModule.mm; sourceTree = "<group>"; };
		0F0C00000000000000000000 /* LocationTurboModule.mm */ = {isa = PBXFileReference; fileEncoding = 4; lastKnownFileType = sourcecode.cpp.objcpp; name = LocationTurboModule.mm; path = MonGARS/NativeModules/LocationTurboModule.mm; sourceTree = "<group>"; };
		0F0D00000000000000000000 /* MailComposerTurboModule.mm */ = {isa = PBXFileReference; fileEncoding = 4; lastKnownFileType = sourcecode.cpp.objcpp; name = MailComposerTurboModule.mm; path = MonGARS/NativeModules/MailComposerTurboModule.mm; sourceTree = "<group>"; };
		0F0E00000000000000000000 /* MessagesTurboModule.mm */ = {isa = PBXFileReference; fileEncoding = 4; lastKnownFileType = sourcecode.cpp.objcpp; name = MessagesTurboModule.mm; path = MonGARS/NativeModules/MessagesTurboModule.mm; sourceTree = "<group>"; };
            0F0F00000000000000000000 /* MLXTurboModule.mm */ = {isa = PBXFileReference; fileEncoding = 4; lastKnownFileType = sourcecode.cpp.objcpp; name = MLXTurboModule.mm; path = MonGARS/NativeModules/MLXTurboModule.mm; sourceTree = "<group>"; };
            0F0F00000000000000000010 /* MLXBridge.swift */ = {isa = PBXFileReference; fileEncoding = 4; lastKnownFileType = sourcecode.swift; name = MLXBridge.swift; path = MonGARS/NativeModules/MLXBridge.swift; sourceTree = "<group>"; };
		0F0F00000000000000000002 /* MLXTurboModule.h */ = {isa = PBXFileReference; lastKnownFileType = sourcecode.c.h; name = MLXTurboModule.h; path = MonGARS/NativeModules/MLXTurboModule.h; sourceTree = "<group>"; };
		0F1000000000000000000000 /* OCRTurboModule.mm */ = {isa = PBXFileReference; fileEncoding = 4; lastKnownFileType = sourcecode.cpp.objcpp; name = OCRTurboModule.mm; path = MonGARS/NativeModules/OCRTurboModule.mm; sourceTree = "<group>"; };
		0F1100000000000000000000 /* PhotosTurboModule.mm */ = {isa = PBXFileReference; fileEncoding = 4; lastKnownFileType = sourcecode.cpp.objcpp; name = PhotosTurboModule.mm; path = MonGARS/NativeModules/PhotosTurboModule.mm; sourceTree = "<group>"; };
		0F1100000000000000000002 /* PhotosTurboModule.h */ = {isa = PBXFileReference; lastKnownFileType = sourcecode.c.h; name = PhotosTurboModule.h; path = MonGARS/NativeModules/PhotosTurboModule.h; sourceTree = "<group>"; };
		0F1200000000000000000000 /* SensorsTurboModule.mm */ = {isa = PBXFileReference; fileEncoding = 4; lastKnownFileType = sourcecode.cpp.objcpp; name = SensorsTurboModule.mm; path = MonGARS/NativeModules/SensorsTurboModule.mm; sourceTree = "<group>"; };
		0F1200000000000000000002 /* SensorsTurboModule.h */ = {isa = PBXFileReference; lastKnownFileType = sourcecode.c.h; name = SensorsTurboModule.h; path = MonGARS/NativeModules/SensorsTurboModule.h; sourceTree = "<group>"; };
		0F1300000000000000000000 /* SpeechRecognitionTurboModule.mm */ = {isa = PBXFileReference; fileEncoding = 4; lastKnownFileType = sourcecode.cpp.objcpp; name = SpeechRecognitionTurboModule.mm; path = MonGARS/NativeModules/SpeechRecognitionTurboModule.mm; sourceTree = "<group>"; };
		0F1400000000000000000000 /* SpeechTurboModule.mm */ = {isa = PBXFileReference; fileEncoding = 4; lastKnownFileType = sourcecode.cpp.objcpp; name = SpeechTurboModule.mm; path = MonGARS/NativeModules/SpeechTurboModule.mm; sourceTree = "<group>"; };
		0F1500000000000000000000 /* WebTurboModule.mm */ = {isa = PBXFileReference; fileEncoding = 4; lastKnownFileType = sourcecode.cpp.objcpp; name = WebTurboModule.mm; path = MonGARS/NativeModules/WebTurboModule.mm; sourceTree = "<group>"; };
		A47C22CAADB98C128ECC2A1E /* PrivacyInfo.xcprivacy */ = {isa = PBXFileReference; includeInIndex = 1; name = PrivacyInfo.xcprivacy; path = MonGARS/PrivacyInfo.xcprivacy; sourceTree = "<group>"; };
		AA286B85B6C04FC6940260E9 /* SplashScreen.storyboard */ = {isa = PBXFileReference; fileEncoding = 4; lastKnownFileType = file.storyboard; name = SplashScreen.storyboard; path = MonGARS/SplashScreen.storyboard; sourceTree = "<group>"; };
		BB2F792C24A3F905000567C9 /* Expo.plist */ = {isa = PBXFileReference; fileEncoding = 4; lastKnownFileType = text.plist.xml; path = Expo.plist; sourceTree = "<group>"; };
		E9BBC8C4F388C3CFFD3D2EAD /* Pods-MonGARS.release.xcconfig */ = {isa = PBXFileReference; includeInIndex = 1; lastKnownFileType = text.xcconfig; name = "Pods-MonGARS.release.xcconfig"; path = "Target Support Files/Pods-MonGARS/Pods-MonGARS.release.xcconfig"; sourceTree = "<group>"; };
		ED297162215061F000B7C4FE /* JavaScriptCore.framework */ = {isa = PBXFileReference; lastKnownFileType = wrapper.framework; name = JavaScriptCore.framework; path = System/Library/Frameworks/JavaScriptCore.framework; sourceTree = SDKROOT; };
		1D2D707287664F09B772946A /* Contacts.framework */ = {isa = PBXFileReference; lastKnownFileType = wrapper.framework; name = Contacts.framework; path = System/Library/Frameworks/Contacts.framework; sourceTree = SDKROOT; };
		89F5DBB3401A4F23A270D9FA /* LocalAuthentication.framework */ = {isa = PBXFileReference; lastKnownFileType = wrapper.framework; name = LocalAuthentication.framework; path = System/Library/Frameworks/LocalAuthentication.framework; sourceTree = SDKROOT; };
		21F5343944CC4E48A61E926B /* CoreLocation.framework */ = {isa = PBXFileReference; lastKnownFileType = wrapper.framework; name = CoreLocation.framework; path = System/Library/Frameworks/CoreLocation.framework; sourceTree = SDKROOT; };
		F1679D684E84496BB26916D2 /* MessageUI.framework */ = {isa = PBXFileReference; lastKnownFileType = wrapper.framework; name = MessageUI.framework; path = System/Library/Frameworks/MessageUI.framework; sourceTree = SDKROOT; };
		EEC9EE8CAC3E48329A84A1BA /* Vision.framework */ = {isa = PBXFileReference; lastKnownFileType = wrapper.framework; name = Vision.framework; path = System/Library/Frameworks/Vision.framework; sourceTree = SDKROOT; };
		51A32BD5BB854BD8ACD9FA19 /* Photos.framework */ = {isa = PBXFileReference; lastKnownFileType = wrapper.framework; name = Photos.framework; path = System/Library/Frameworks/Photos.framework; sourceTree = SDKROOT; };
		A5E06E585EBD49078CF40E9A /* Speech.framework */ = {isa = PBXFileReference; lastKnownFileType = wrapper.framework; name = Speech.framework; path = System/Library/Frameworks/Speech.framework; sourceTree = SDKROOT; };
		0DA78EFADC584A5687411CAA /* WebKit.framework */ = {isa = PBXFileReference; lastKnownFileType = wrapper.framework; name = WebKit.framework; path = System/Library/Frameworks/WebKit.framework; sourceTree = SDKROOT; };
		7F1F98ACB7954D188595364C /* AVFoundation.framework */ = {isa = PBXFileReference; lastKnownFileType = wrapper.framework; name = AVFoundation.framework; path = System/Library/Frameworks/AVFoundation.framework; sourceTree = SDKROOT; };
		298225487FE4425BBAA9F112 /* EventKit.framework */ = {isa = PBXFileReference; lastKnownFileType = wrapper.framework; name = EventKit.framework; path = System/Library/Frameworks/EventKit.framework; sourceTree = SDKROOT; };
		8600BA94F097402E8ACE1F17 /* CoreMotion.framework */ = {isa = PBXFileReference; lastKnownFileType = wrapper.framework; name = CoreMotion.framework; path = System/Library/Frameworks/CoreMotion.framework; sourceTree = SDKROOT; };
		F11748412D0307B40044C1D9 /* AppDelegate.swift */ = {isa = PBXFileReference; lastKnownFileType = sourcecode.swift; name = AppDelegate.swift; path = MonGARS/AppDelegate.swift; sourceTree = "<group>"; };
		F11748442D0722820044C1D9 /* MonGARS-Bridging-Header.h */ = {isa = PBXFileReference; lastKnownFileType = sourcecode.c.h; name = "MonGARS-Bridging-Header.h"; path = "MonGARS/MonGARS-Bridging-Header.h"; sourceTree = "<group>"; };
/* End PBXFileReference section */

/* Begin PBXFrameworksBuildPhase section */
		13B07F8C1A680F5B00A75B9A /* Frameworks */ = {
			isa = PBXFrameworksBuildPhase;
			buildActionMask = 2147483647;
			files = (
				672B333EAC6FAD695949E96A /* libPods-MonGARS.a in Frameworks */,
				1F3A00236990472BBEEC30C7 /* Contacts.framework in Frameworks */,
				1930DC8ACD6C4E1BB08EBE1F /* LocalAuthentication.framework in Frameworks */,
				E36D06B293964B219DAA1BCA /* CoreLocation.framework in Frameworks */,
				881098FB16324A20919BC8EC /* MessageUI.framework in Frameworks */,
				359FDF2F1212407BB134DA3B /* Vision.framework in Frameworks */,
				6784F0995C9C47D7B36E49FA /* Photos.framework in Frameworks */,
				082C184068EB4ED497D78732 /* Speech.framework in Frameworks */,
				E207A3EA881C451F83692F68 /* WebKit.framework in Frameworks */,
				B3A58305AB2540A9BB3D1982 /* AVFoundation.framework in Frameworks */,
				FA4D31D018034665ABE5571F /* EventKit.framework in Frameworks */,
				F097DC587A5444D9815FAA32 /* CoreMotion.framework in Frameworks */,
			);
			runOnlyForDeploymentPostprocessing = 0;
		};
/* End PBXFrameworksBuildPhase section */

/* Begin PBXGroup section */
		13B07FAE1A68108700A75B9A /* MonGARS */ = {
			isa = PBXGroup;
			children = (
				F11748412D0307B40044C1D9 /* AppDelegate.swift */,
				F11748442D0722820044C1D9 /* MonGARS-Bridging-Header.h */,
				0FFF00000000000000000000 /* NativeModules */,
				BB2F792B24A3F905000567C9 /* Supporting */,
				13B07FB51A68108700A75B9A /* Images.xcassets */,
				13B07FB61A68108700A75B9A /* Info.plist */,
				AA286B85B6C04FC6940260E9 /* SplashScreen.storyboard */,
				A47C22CAADB98C128ECC2A1E /* PrivacyInfo.xcprivacy */,
			);
			name = MonGARS;
			sourceTree = "<group>";
		};
		2D16E6871FA4F8E400B85C8A /* Frameworks */ = {
			isa = PBXGroup;
			children = (
				ED297162215061F000B7C4FE /* JavaScriptCore.framework */,
				1D2D707287664F09B772946A /* Contacts.framework */,
				89F5DBB3401A4F23A270D9FA /* LocalAuthentication.framework */,
				21F5343944CC4E48A61E926B /* CoreLocation.framework */,
				F1679D684E84496BB26916D2 /* MessageUI.framework */,
				EEC9EE8CAC3E48329A84A1BA /* Vision.framework */,
				51A32BD5BB854BD8ACD9FA19 /* Photos.framework */,
				A5E06E585EBD49078CF40E9A /* Speech.framework */,
				0DA78EFADC584A5687411CAA /* WebKit.framework */,
				7F1F98ACB7954D188595364C /* AVFoundation.framework */,
				298225487FE4425BBAA9F112 /* EventKit.framework */,
				8600BA94F097402E8ACE1F17 /* CoreMotion.framework */,
				5134247515B39804B8F90E58 /* libPods-MonGARS.a */,
			);
			name = Frameworks;
			sourceTree = "<group>";
		};
		39227EE08FE71D8707BEBBF2 /* MonGARS */ = {
			isa = PBXGroup;
			children = (
				4E576252BF7B0A858B6B6014 /* ExpoModulesProvider.swift */,
			);
			name = MonGARS;
			sourceTree = "<group>";
		};
		4343D5FEC960D7ACDDE7BC5C /* Pods */ = {
			isa = PBXGroup;
			children = (
				4510606E239E7360F40D3A03 /* Pods-MonGARS.debug.xcconfig */,
				E9BBC8C4F388C3CFFD3D2EAD /* Pods-MonGARS.release.xcconfig */,
			);
			name = Pods;
			path = Pods;
			sourceTree = "<group>";
		};
		832341AE1AAA6A7D00B99B32 /* Libraries */ = {
			isa = PBXGroup;
			children = (
			);
			name = Libraries;
			sourceTree = "<group>";
		};
		83CBB9F61A601CBA00E9B192 = {
			isa = PBXGroup;
			children = (
				13B07FAE1A68108700A75B9A /* MonGARS */,
				832341AE1AAA6A7D00B99B32 /* Libraries */,
				83CBBA001A601CBA00E9B192 /* Products */,
				2D16E6871FA4F8E400B85C8A /* Frameworks */,
				4343D5FEC960D7ACDDE7BC5C /* Pods */,
				86B63C764EE7FCEF2CCED46E /* ExpoModulesProviders */,
			);
			indentWidth = 2;
			sourceTree = "<group>";
			tabWidth = 2;
			usesTabs = 0;
		};
		83CBBA001A601CBA00E9B192 /* Products */ = {
			isa = PBXGroup;
			children = (
				13B07F961A680F5B00A75B9A /* MonGARS.app */,
			);
			name = Products;
			sourceTree = "<group>";
		};
		86B63C764EE7FCEF2CCED46E /* ExpoModulesProviders */ = {
			isa = PBXGroup;
			children = (
				39227EE08FE71D8707BEBBF2 /* MonGARS */,
			);
			name = ExpoModulesProviders;
			sourceTree = "<group>";
		};
		BB2F792B24A3F905000567C9 /* Supporting */ = {
			isa = PBXGroup;
			children = (
				BB2F792C24A3F905000567C9 /* Expo.plist */,
			);
			name = Supporting;
			path = MonGARS/Supporting;
			sourceTree = "<group>";
		};
		0FFF00000000000000000000 /* NativeModules */ = {
			isa = PBXGroup;
			children = (
				0F0100000000000000000000 /* BatteryTurboModule.mm */,
				0F0200000000000000000000 /* BiometricsTurboModule.mm */,
				0F0300000000000000000000 /* BrightnessTurboModule.mm */,
				0F0400000000000000000000 /* CalendarTurboModule.mm */,
				0F0500000000000000000000 /* CallTurboModule.mm */,
				0F0600000000000000000000 /* CameraTurboModule.mm */,
				0F0700000000000000000000 /* ClipboardTurboModule.mm */,
				0F0800000000000000000000 /* ContactsTurboModule.mm */,
				0F0900000000000000000000 /* DeviceInfoTurboModule.mm */,
				0F0A00000000000000000000 /* FlashlightTurboModule.mm */,
				0F0B00000000000000000000 /* HapticsTurboModule.mm */,
				0F0C00000000000000000000 /* LocationTurboModule.mm */,
				0F0D00000000000000000000 /* MailComposerTurboModule.mm */,
				0F0E00000000000000000000 /* MessagesTurboModule.mm */,
                            0F0F00000000000000000000 /* MLXTurboModule.mm */,
                            0F0F00000000000000000010 /* MLXBridge.swift */,
				0F0F00000000000000000002 /* MLXTurboModule.h */,
				0F1000000000000000000000 /* OCRTurboModule.mm */,
				0F1100000000000000000000 /* PhotosTurboModule.mm */,
				0F1100000000000000000002 /* PhotosTurboModule.h */,
				0F1200000000000000000000 /* SensorsTurboModule.mm */,
				0F1200000000000000000002 /* SensorsTurboModule.h */,
				0F1300000000000000000000 /* SpeechRecognitionTurboModule.mm */,
				0F1400000000000000000000 /* SpeechTurboModule.mm */,
				0F1500000000000000000000 /* WebTurboModule.mm */,
			);
			name = NativeModules;
			sourceTree = "<group>";
		};
/* End PBXGroup section */

/* Begin PBXNativeTarget section */
		13B07F861A680F5B00A75B9A /* MonGARS */ = {
			isa = PBXNativeTarget;
			buildConfigurationList = 13B07F931A680F5B00A75B9A /* Build configuration list for PBXNativeTarget "MonGARS" */;
			buildPhases = (
				08A4A3CD28434E44B6B9DE2E /* [CP] Check Pods Manifest.lock */,
				49E83AD3AD39FA1DBD333C0F /* [Expo] Configure project */,
				13B07F871A680F5B00A75B9A /* Sources */,
				13B07F8C1A680F5B00A75B9A /* Frameworks */,
				13B07F8E1A680F5B00A75B9A /* Resources */,
				00DD1BFF1BD5951E006B06BC /* Bundle React Native code and images */,
				800E24972A6A228C8D4807E9 /* [CP] Copy Pods Resources */,
				8B0027F7C7E3CBA859A83F77 /* [CP] Embed Pods Frameworks */,
			);
			buildRules = (
			);
			dependencies = (
			);
			name = MonGARS;
			productName = MonGARS;
			productReference = 13B07F961A680F5B00A75B9A /* MonGARS.app */;
			productType = "com.apple.product-type.application";
		};
/* End PBXNativeTarget section */

/* Begin PBXProject section */
		83CBB9F71A601CBA00E9B192 /* Project object */ = {
			isa = PBXProject;
			attributes = {
				LastUpgradeCheck = 1130;
				TargetAttributes = {
					13B07F861A680F5B00A75B9A = {
						LastSwiftMigration = 1250;
					};
				};
			};
			buildConfigurationList = 83CBB9FA1A601CBA00E9B192 /* Build configuration list for PBXProject "MonGARS" */;
			compatibilityVersion = "Xcode 3.2";
			developmentRegion = en;
			hasScannedForEncodings = 0;
			knownRegions = (
				en,
				Base,
			);
			mainGroup = 83CBB9F61A601CBA00E9B192;
			productRefGroup = 83CBBA001A601CBA00E9B192 /* Products */;
			projectDirPath = "";
			projectRoot = "";
			targets = (
				13B07F861A680F5B00A75B9A /* MonGARS */,
			);
		};
/* End PBXProject section */

/* Begin PBXResourcesBuildPhase section */
		13B07F8E1A680F5B00A75B9A /* Resources */ = {
			isa = PBXResourcesBuildPhase;
			buildActionMask = 2147483647;
			files = (
				BB2F792D24A3F905000567C9 /* Expo.plist in Resources */,
				13B07FBF1A68108700A75B9A /* Images.xcassets in Resources */,
				3E461D99554A48A4959DE609 /* SplashScreen.storyboard in Resources */,
				0058F95575C770724F50D3FD /* PrivacyInfo.xcprivacy in Resources */,
			);
			runOnlyForDeploymentPostprocessing = 0;
		};
/* End PBXResourcesBuildPhase section */

/* Begin PBXShellScriptBuildPhase section */
		00DD1BFF1BD5951E006B06BC /* Bundle React Native code and images */ = {
			isa = PBXShellScriptBuildPhase;
			alwaysOutOfDate = 1;
			buildActionMask = 2147483647;
			files = (
			);
			inputPaths = (
			);
			name = "Bundle React Native code and images";
			outputPaths = (
			);
			runOnlyForDeploymentPostprocessing = 0;
			shellPath = /bin/sh;
			shellScript = "if [[ -f \"$PODS_ROOT/../.xcode.env\" ]]; then\n  source \"$PODS_ROOT/../.xcode.env\"\nfi\nif [[ -f \"$PODS_ROOT/../.xcode.env.local\" ]]; then\n  source \"$PODS_ROOT/../.xcode.env.local\"\nfi\n\n# The project root by default is one level up from the ios directory\nexport PROJECT_ROOT=\"$PROJECT_DIR\"/..\n\nif [[ \"$CONFIGURATION\" = *Debug* ]]; then\n  export SKIP_BUNDLING=1\nfi\nif [[ -z \"$ENTRY_FILE\" ]]; then\n  # Set the entry JS file using the bundler's entry resolution.\n  export ENTRY_FILE=\"$(\"$NODE_BINARY\" -e \"require('expo/scripts/resolveAppEntry')\" \"$PROJECT_ROOT\" ios absolute | tail -n 1)\"\nfi\n\nif [[ -z \"$CLI_PATH\" ]]; then\n  # Use Expo CLI\n  export CLI_PATH=\"$(\"$NODE_BINARY\" --print \"require.resolve('@expo/cli', { paths: [require.resolve('expo/package.json')] })\")\"\nfi\nif [[ -z \"$BUNDLE_COMMAND\" ]]; then\n  # Default Expo CLI command for bundling\n  export BUNDLE_COMMAND=\"export:embed\"\nfi\n\n# Source .xcode.env.updates if it exists to allow\n# SKIP_BUNDLING to be unset if needed\nif [[ -f \"$PODS_ROOT/../.xcode.env.updates\" ]]; then\n  source \"$PODS_ROOT/../.xcode.env.updates\"\nfi\n# Source local changes to allow overrides\n# if needed\nif [[ -f \"$PODS_ROOT/../.xcode.env.local\" ]]; then\n  source \"$PODS_ROOT/../.xcode.env.local\"\nfi\n\n`\"$NODE_BINARY\" --print \"require('path').dirname(require.resolve('react-native/package.json')) + '/scripts/react-native-xcode.sh'\"`\n\n";
		};
		08A4A3CD28434E44B6B9DE2E /* [CP] Check Pods Manifest.lock */ = {
			isa = PBXShellScriptBuildPhase;
			buildActionMask = 2147483647;
			files = (
			);
			inputFileListPaths = (
			);
			inputPaths = (
				"${PODS_PODFILE_DIR_PATH}/Podfile.lock",
				"${PODS_ROOT}/Manifest.lock",
			);
			name = "[CP] Check Pods Manifest.lock";
			outputFileListPaths = (
			);
			outputPaths = (
				"$(DERIVED_FILE_DIR)/Pods-MonGARS-checkManifestLockResult.txt",
			);
			runOnlyForDeploymentPostprocessing = 0;
			shellPath = /bin/sh;
			shellScript = "diff \"${PODS_PODFILE_DIR_PATH}/Podfile.lock\" \"${PODS_ROOT}/Manifest.lock\" > /dev/null\nif [ $? != 0 ] ; then\n    # print error to STDERR\n    echo \"error: The sandbox is not in sync with the Podfile.lock. Run 'pod install' or update your CocoaPods installation.\" >&2\n    exit 1\nfi\n# This output is used by Xcode 'outputs' to avoid re-running this script phase.\necho \"SUCCESS\" > \"${SCRIPT_OUTPUT_FILE_0}\"\n";
			showEnvVarsInLog = 0;
		};
		49E83AD3AD39FA1DBD333C0F /* [Expo] Configure project */ = {
			isa = PBXShellScriptBuildPhase;
			alwaysOutOfDate = 1;
			buildActionMask = 2147483647;
			files = (
			);
			inputFileListPaths = (
			);
			inputPaths = (
			);
			name = "[Expo] Configure project";
			outputFileListPaths = (
			);
			outputPaths = (
			);
			runOnlyForDeploymentPostprocessing = 0;
			shellPath = /bin/sh;
			shellScript = "# This script configures Expo modules and generates the modules provider file.\nbash -l -c \"./Pods/Target\\ Support\\ Files/Pods-MonGARS/expo-configure-project.sh\"\n";
		};
		800E24972A6A228C8D4807E9 /* [CP] Copy Pods Resources */ = {
			isa = PBXShellScriptBuildPhase;
			buildActionMask = 2147483647;
			files = (
			);
			inputPaths = (
				"${PODS_ROOT}/Target Support Files/Pods-MonGARS/Pods-MonGARS-resources.sh",
				"${PODS_CONFIGURATION_BUILD_DIR}/EXApplication/ExpoApplication_privacy.bundle",
				"${PODS_CONFIGURATION_BUILD_DIR}/EXConstants/EXConstants.bundle",
				"${PODS_CONFIGURATION_BUILD_DIR}/EXConstants/ExpoConstants_privacy.bundle",
				"${PODS_CONFIGURATION_BUILD_DIR}/ExpoDevice/ExpoDevice_privacy.bundle",
				"${PODS_CONFIGURATION_BUILD_DIR}/ExpoFileSystem/ExpoFileSystem_privacy.bundle",
				"${PODS_CONFIGURATION_BUILD_DIR}/ExpoSystemUI/ExpoSystemUI_privacy.bundle",
				"${PODS_CONFIGURATION_BUILD_DIR}/RCT-Folly/RCT-Folly_privacy.bundle",
				"${PODS_CONFIGURATION_BUILD_DIR}/RNCAsyncStorage/RNCAsyncStorage_resources.bundle",
				"${PODS_CONFIGURATION_BUILD_DIR}/RNSVG/RNSVGFilters.bundle",
				"${PODS_CONFIGURATION_BUILD_DIR}/React-Core/React-Core_privacy.bundle",
				"${PODS_CONFIGURATION_BUILD_DIR}/React-cxxreact/React-cxxreact_privacy.bundle",
				"${PODS_CONFIGURATION_BUILD_DIR}/SDWebImage/SDWebImage.bundle",
				"${PODS_CONFIGURATION_BUILD_DIR}/boost/boost_privacy.bundle",
				"${PODS_CONFIGURATION_BUILD_DIR}/expo-dev-launcher/EXDevLauncher.bundle",
				"${PODS_CONFIGURATION_BUILD_DIR}/expo-dev-menu/EXDevMenu.bundle",
				"${PODS_CONFIGURATION_BUILD_DIR}/glog/glog_privacy.bundle",
				"${PODS_CONFIGURATION_BUILD_DIR}/lottie-ios/LottiePrivacyInfo.bundle",
				"${PODS_CONFIGURATION_BUILD_DIR}/lottie-react-native/Lottie_React_Native_Privacy.bundle",
			);
			name = "[CP] Copy Pods Resources";
			outputPaths = (
				"${TARGET_BUILD_DIR}/${UNLOCALIZED_RESOURCES_FOLDER_PATH}/ExpoApplication_privacy.bundle",
				"${TARGET_BUILD_DIR}/${UNLOCALIZED_RESOURCES_FOLDER_PATH}/EXConstants.bundle",
				"${TARGET_BUILD_DIR}/${UNLOCALIZED_RESOURCES_FOLDER_PATH}/ExpoConstants_privacy.bundle",
				"${TARGET_BUILD_DIR}/${UNLOCALIZED_RESOURCES_FOLDER_PATH}/ExpoDevice_privacy.bundle",
				"${TARGET_BUILD_DIR}/${UNLOCALIZED_RESOURCES_FOLDER_PATH}/ExpoFileSystem_privacy.bundle",
				"${TARGET_BUILD_DIR}/${UNLOCALIZED_RESOURCES_FOLDER_PATH}/ExpoSystemUI_privacy.bundle",
				"${TARGET_BUILD_DIR}/${UNLOCALIZED_RESOURCES_FOLDER_PATH}/RCT-Folly_privacy.bundle",
				"${TARGET_BUILD_DIR}/${UNLOCALIZED_RESOURCES_FOLDER_PATH}/RNCAsyncStorage_resources.bundle",
				"${TARGET_BUILD_DIR}/${UNLOCALIZED_RESOURCES_FOLDER_PATH}/RNSVGFilters.bundle",
				"${TARGET_BUILD_DIR}/${UNLOCALIZED_RESOURCES_FOLDER_PATH}/React-Core_privacy.bundle",
				"${TARGET_BUILD_DIR}/${UNLOCALIZED_RESOURCES_FOLDER_PATH}/React-cxxreact_privacy.bundle",
				"${TARGET_BUILD_DIR}/${UNLOCALIZED_RESOURCES_FOLDER_PATH}/SDWebImage.bundle",
				"${TARGET_BUILD_DIR}/${UNLOCALIZED_RESOURCES_FOLDER_PATH}/boost_privacy.bundle",
				"${TARGET_BUILD_DIR}/${UNLOCALIZED_RESOURCES_FOLDER_PATH}/EXDevLauncher.bundle",
				"${TARGET_BUILD_DIR}/${UNLOCALIZED_RESOURCES_FOLDER_PATH}/EXDevMenu.bundle",
				"${TARGET_BUILD_DIR}/${UNLOCALIZED_RESOURCES_FOLDER_PATH}/glog_privacy.bundle",
				"${TARGET_BUILD_DIR}/${UNLOCALIZED_RESOURCES_FOLDER_PATH}/LottiePrivacyInfo.bundle",
				"${TARGET_BUILD_DIR}/${UNLOCALIZED_RESOURCES_FOLDER_PATH}/Lottie_React_Native_Privacy.bundle",
			);
			runOnlyForDeploymentPostprocessing = 0;
			shellPath = /bin/sh;
			shellScript = "\"${PODS_ROOT}/Target Support Files/Pods-MonGARS/Pods-MonGARS-resources.sh\"\n";
			showEnvVarsInLog = 0;
		};
		8B0027F7C7E3CBA859A83F77 /* [CP] Embed Pods Frameworks */ = {
			isa = PBXShellScriptBuildPhase;
			buildActionMask = 2147483647;
			files = (
			);
			inputPaths = (
				"${PODS_ROOT}/Target Support Files/Pods-MonGARS/Pods-MonGARS-frameworks.sh",
				"${PODS_XCFRAMEWORKS_BUILD_DIR}/hermes-engine/Pre-built/hermes.framework/hermes",
				"${PODS_XCFRAMEWORKS_BUILD_DIR}/llama-rn/rnllama.framework/rnllama",
			);
			name = "[CP] Embed Pods Frameworks";
			outputPaths = (
				"${TARGET_BUILD_DIR}/${FRAMEWORKS_FOLDER_PATH}/hermes.framework",
				"${TARGET_BUILD_DIR}/${FRAMEWORKS_FOLDER_PATH}/rnllama.framework",
			);
			runOnlyForDeploymentPostprocessing = 0;
			shellPath = /bin/sh;
			shellScript = "\"${PODS_ROOT}/Target Support Files/Pods-MonGARS/Pods-MonGARS-frameworks.sh\"\n";
			showEnvVarsInLog = 0;
		};
/* End PBXShellScriptBuildPhase section */

/* Begin PBXSourcesBuildPhase section */
		13B07F871A680F5B00A75B9A /* Sources */ = {
			isa = PBXSourcesBuildPhase;
			buildActionMask = 2147483647;
			files = (
				F11748422D0307B40044C1D9 /* AppDelegate.swift in Sources */,
				6362D9466D98047603178275 /* ExpoModulesProvider.swift in Sources */,
				0F0100000000000000000001 /* BatteryTurboModule.mm in Sources */,
				0F0200000000000000000001 /* BiometricsTurboModule.mm in Sources */,
				0F0300000000000000000001 /* BrightnessTurboModule.mm in Sources */,
				0F0400000000000000000001 /* CalendarTurboModule.mm in Sources */,
				0F0500000000000000000001 /* CallTurboModule.mm in Sources */,
				0F0600000000000000000001 /* CameraTurboModule.mm in Sources */,
				0F0700000000000000000001 /* ClipboardTurboModule.mm in Sources */,
				0F0800000000000000000001 /* ContactsTurboModule.mm in Sources */,
				0F0900000000000000000001 /* DeviceInfoTurboModule.mm in Sources */,
				0F0A00000000000000000001 /* FlashlightTurboModule.mm in Sources */,
				0F0B00000000000000000001 /* HapticsTurboModule.mm in Sources */,
				0F0C00000000000000000001 /* LocationTurboModule.mm in Sources */,
				0F0D00000000000000000001 /* MailComposerTurboModule.mm in Sources */,
				0F0E00000000000000000001 /* MessagesTurboModule.mm in Sources */,
                            0F0F00000000000000000001 /* MLXTurboModule.mm in Sources */,
                            0F0F00000000000000000011 /* MLXBridge.swift in Sources */,
				0F1000000000000000000001 /* OCRTurboModule.mm in Sources */,
				0F1100000000000000000001 /* PhotosTurboModule.mm in Sources */,
				0F1200000000000000000001 /* SensorsTurboModule.mm in Sources */,
				0F1300000000000000000001 /* SpeechRecognitionTurboModule.mm in Sources */,
				0F1400000000000000000001 /* SpeechTurboModule.mm in Sources */,
				0F1500000000000000000001 /* WebTurboModule.mm in Sources */,
			);
			runOnlyForDeploymentPostprocessing = 0;
		};
/* End PBXSourcesBuildPhase section */

/* Begin XCBuildConfiguration section */
		13B07F941A680F5B00A75B9A /* Debug */ = {
			isa = XCBuildConfiguration;
			baseConfigurationReference = 4510606E239E7360F40D3A03 /* Pods-MonGARS.debug.xcconfig */;
			buildSettings = {
				ASSETCATALOG_COMPILER_APPICON_NAME = AppIcon;
				CLANG_ENABLE_MODULES = YES;
				CODE_SIGN_ENTITLEMENTS = MonGARS/MonGARS.entitlements;
                               CURRENT_PROJECT_VERSION = 6;
				ENABLE_BITCODE = NO;
				GCC_PREPROCESSOR_DEFINITIONS = (
					"$(inherited)",
					"FB_SONARKIT_ENABLED=1",
				);
				INFOPLIST_FILE = MonGARS/Info.plist;
				IPHONEOS_DEPLOYMENT_TARGET = 15.1;
				LD_RUNPATH_SEARCH_PATHS = (
					"$(inherited)",
					"@executable_path/Frameworks",
				);
                                MARKETING_VERSION = 1.0.5;
				OTHER_LDFLAGS = (
					"$(inherited)",
					"-ObjC",
					"-lc++",
				);
				OTHER_SWIFT_FLAGS = "$(inherited) -D EXPO_CONFIGURATION_DEBUG";
                            PRODUCT_BUNDLE_IDENTIFIER = "com.vibecode.offllmappstorefixer-iz6sup";
				PRODUCT_NAME = MonGARS;
				SWIFT_OBJC_BRIDGING_HEADER = "MonGARS/MonGARS-Bridging-Header.h";
				SWIFT_OPTIMIZATION_LEVEL = "-Onone";
				SWIFT_VERSION = 5.0;
				TARGETED_DEVICE_FAMILY = 1;
				VERSIONING_SYSTEM = "apple-generic";
			};
			name = Debug;
		};
		13B07F951A680F5B00A75B9A /* Release */ = {
			isa = XCBuildConfiguration;
			baseConfigurationReference = E9BBC8C4F388C3CFFD3D2EAD /* Pods-MonGARS.release.xcconfig */;
			buildSettings = {
				ASSETCATALOG_COMPILER_APPICON_NAME = AppIcon;
				CLANG_ENABLE_MODULES = YES;
				CODE_SIGN_ENTITLEMENTS = MonGARS/MonGARS.entitlements;
                               CURRENT_PROJECT_VERSION = 6;
				INFOPLIST_FILE = MonGARS/Info.plist;
				IPHONEOS_DEPLOYMENT_TARGET = 15.1;
				LD_RUNPATH_SEARCH_PATHS = (
					"$(inherited)",
					"@executable_path/Frameworks",
				);
                                MARKETING_VERSION = 1.0.5;
				OTHER_LDFLAGS = (
					"$(inherited)",
					"-ObjC",
					"-lc++",
				);
				OTHER_SWIFT_FLAGS = "$(inherited) -D EXPO_CONFIGURATION_RELEASE";
                            PRODUCT_BUNDLE_IDENTIFIER = "com.vibecode.offllmappstorefixer-iz6sup";
				PRODUCT_NAME = MonGARS;
				SWIFT_OBJC_BRIDGING_HEADER = "MonGARS/MonGARS-Bridging-Header.h";
				SWIFT_VERSION = 5.0;
				TARGETED_DEVICE_FAMILY = 1;
				VERSIONING_SYSTEM = "apple-generic";
			};
			name = Release;
		};
		83CBBA201A601CBA00E9B192 /* Debug */ = {
			isa = XCBuildConfiguration;
			buildSettings = {
				ALWAYS_SEARCH_USER_PATHS = NO;
				CLANG_ANALYZER_LOCALIZABILITY_NONLOCALIZED = YES;
				CLANG_CXX_LANGUAGE_STANDARD = "c++20";
				CLANG_CXX_LIBRARY = "libc++";
				CLANG_ENABLE_MODULES = YES;
				CLANG_ENABLE_OBJC_ARC = YES;
				CLANG_WARN_BLOCK_CAPTURE_AUTORELEASING = YES;
				CLANG_WARN_BOOL_CONVERSION = YES;
				CLANG_WARN_COMMA = YES;
				CLANG_WARN_CONSTANT_CONVERSION = YES;
				CLANG_WARN_DEPRECATED_OBJC_IMPLEMENTATIONS = YES;
				CLANG_WARN_DIRECT_OBJC_ISA_USAGE = YES_ERROR;
				CLANG_WARN_EMPTY_BODY = YES;
				CLANG_WARN_ENUM_CONVERSION = YES;
				CLANG_WARN_INFINITE_RECURSION = YES;
				CLANG_WARN_INT_CONVERSION = YES;
				CLANG_WARN_NON_LITERAL_NULL_CONVERSION = YES;
				CLANG_WARN_OBJC_IMPLICIT_RETAIN_SELF = YES;
				CLANG_WARN_OBJC_LITERAL_CONVERSION = YES;
				CLANG_WARN_OBJC_ROOT_CLASS = YES_ERROR;
				CLANG_WARN_RANGE_LOOP_ANALYSIS = YES;
				CLANG_WARN_STRICT_PROTOTYPES = YES;
				CLANG_WARN_SUSPICIOUS_MOVE = YES;
				CLANG_WARN_UNREACHABLE_CODE = YES;
				CLANG_WARN__DUPLICATE_METHOD_MATCH = YES;
				"CODE_SIGN_IDENTITY[sdk=iphoneos*]" = "iPhone Developer";
				COPY_PHASE_STRIP = NO;
				ENABLE_STRICT_OBJC_MSGSEND = YES;
				ENABLE_TESTABILITY = YES;
				GCC_C_LANGUAGE_STANDARD = gnu99;
				GCC_DYNAMIC_NO_PIC = NO;
				GCC_NO_COMMON_BLOCKS = YES;
				GCC_OPTIMIZATION_LEVEL = 0;
				GCC_PREPROCESSOR_DEFINITIONS = (
					"DEBUG=1",
					"$(inherited)",
				);
				GCC_SYMBOLS_PRIVATE_EXTERN = NO;
				GCC_WARN_64_TO_32_BIT_CONVERSION = YES;
				GCC_WARN_ABOUT_RETURN_TYPE = YES_ERROR;
				GCC_WARN_UNDECLARED_SELECTOR = YES;
				GCC_WARN_UNINITIALIZED_AUTOS = YES_AGGRESSIVE;
				GCC_WARN_UNUSED_FUNCTION = YES;
				GCC_WARN_UNUSED_VARIABLE = YES;
				IPHONEOS_DEPLOYMENT_TARGET = 15.1;
				LD_RUNPATH_SEARCH_PATHS = (
					/usr/lib/swift,
					"$(inherited)",
				);
				LIBRARY_SEARCH_PATHS = "$(SDKROOT)/usr/lib/swift\"$(inherited)\"";
				MTL_ENABLE_DEBUG_INFO = YES;
				ONLY_ACTIVE_ARCH = YES;
				OTHER_LDFLAGS = (
					"$(inherited)",
					" ",
				);
				REACT_NATIVE_PATH = "${PODS_ROOT}/../../node_modules/react-native";
				SDKROOT = iphoneos;
				SWIFT_ACTIVE_COMPILATION_CONDITIONS = "$(inherited) DEBUG";
				USE_HERMES = true;
			};
			name = Debug;
		};
		83CBBA211A601CBA00E9B192 /* Release */ = {
			isa = XCBuildConfiguration;
			buildSettings = {
				ALWAYS_SEARCH_USER_PATHS = NO;
				CLANG_ANALYZER_LOCALIZABILITY_NONLOCALIZED = YES;
				CLANG_CXX_LANGUAGE_STANDARD = "c++20";
				CLANG_CXX_LIBRARY = "libc++";
				CLANG_ENABLE_MODULES = YES;
				CLANG_ENABLE_OBJC_ARC = YES;
				CLANG_WARN_BLOCK_CAPTURE_AUTORELEASING = YES;
				CLANG_WARN_BOOL_CONVERSION = YES;
				CLANG_WARN_COMMA = YES;
				CLANG_WARN_CONSTANT_CONVERSION = YES;
				CLANG_WARN_DEPRECATED_OBJC_IMPLEMENTATIONS = YES;
				CLANG_WARN_DIRECT_OBJC_ISA_USAGE = YES_ERROR;
				CLANG_WARN_EMPTY_BODY = YES;
				CLANG_WARN_ENUM_CONVERSION = YES;
				CLANG_WARN_INFINITE_RECURSION = YES;
				CLANG_WARN_INT_CONVERSION = YES;
				CLANG_WARN_NON_LITERAL_NULL_CONVERSION = YES;
				CLANG_WARN_OBJC_IMPLICIT_RETAIN_SELF = YES;
				CLANG_WARN_OBJC_LITERAL_CONVERSION = YES;
				CLANG_WARN_OBJC_ROOT_CLASS = YES_ERROR;
				CLANG_WARN_RANGE_LOOP_ANALYSIS = YES;
				CLANG_WARN_STRICT_PROTOTYPES = YES;
				CLANG_WARN_SUSPICIOUS_MOVE = YES;
				CLANG_WARN_UNREACHABLE_CODE = YES;
				CLANG_WARN__DUPLICATE_METHOD_MATCH = YES;
				"CODE_SIGN_IDENTITY[sdk=iphoneos*]" = "iPhone Developer";
				COPY_PHASE_STRIP = YES;
				ENABLE_NS_ASSERTIONS = NO;
				ENABLE_STRICT_OBJC_MSGSEND = YES;
				GCC_C_LANGUAGE_STANDARD = gnu99;
				GCC_NO_COMMON_BLOCKS = YES;
				GCC_WARN_64_TO_32_BIT_CONVERSION = YES;
				GCC_WARN_ABOUT_RETURN_TYPE = YES_ERROR;
				GCC_WARN_UNDECLARED_SELECTOR = YES;
				GCC_WARN_UNINITIALIZED_AUTOS = YES_AGGRESSIVE;
				GCC_WARN_UNUSED_FUNCTION = YES;
				GCC_WARN_UNUSED_VARIABLE = YES;
				IPHONEOS_DEPLOYMENT_TARGET = 15.1;
				LD_RUNPATH_SEARCH_PATHS = (
					/usr/lib/swift,
					"$(inherited)",
				);
				LIBRARY_SEARCH_PATHS = "$(SDKROOT)/usr/lib/swift\"$(inherited)\"";
				MTL_ENABLE_DEBUG_INFO = NO;
				OTHER_LDFLAGS = (
					"$(inherited)",
					" ",
				);
				REACT_NATIVE_PATH = "${PODS_ROOT}/../../node_modules/react-native";
				SDKROOT = iphoneos;
				USE_HERMES = true;
				VALIDATE_PRODUCT = YES;
			};
			name = Release;
		};
/* End XCBuildConfiguration section */

/* Begin XCConfigurationList section */
		13B07F931A680F5B00A75B9A /* Build configuration list for PBXNativeTarget "MonGARS" */ = {
			isa = XCConfigurationList;
			buildConfigurations = (
				13B07F941A680F5B00A75B9A /* Debug */,
				13B07F951A680F5B00A75B9A /* Release */,
			);
			defaultConfigurationIsVisible = 0;
			defaultConfigurationName = Release;
		};
		83CBB9FA1A601CBA00E9B192 /* Build configuration list for PBXProject "MonGARS" */ = {
			isa = XCConfigurationList;
			buildConfigurations = (
				83CBBA201A601CBA00E9B192 /* Debug */,
				83CBBA211A601CBA00E9B192 /* Release */,
			);
			defaultConfigurationIsVisible = 0;
			defaultConfigurationName = Release;
		};
/* End XCConfigurationList section */
	};
	rootObject = 83CBB9F71A601CBA00E9B192 /* Project object */;
}
